
Microsoft Visual Studio Solution File, Format Version 12.00
# Visual Studio Version 17
VisualStudioVersion = 17.14.36518.9 d17.14
MinimumVisualStudioVersion = 10.0.40219.1
Project("{FAE04EC0-301F-11D3-BF4B-00C04F79EFBC}") = "Squares", "Squares.csproj", "{1039BD20-872C-4E57-BCD9-6FB14C2A0956}"
EndProject
Global
	GlobalSection(SolutionConfigurationPlatforms) = preSolution
		Debug|Any CPU = Debug|Any CPU
		Release|Any CPU = Release|Any CPU
	EndGlobalSection
	GlobalSection(ProjectConfigurationPlatforms) = postSolution
		{1039BD20-872C-4E57-BCD9-6FB14C2A0956}.Debug|Any CPU.ActiveCfg = Debug|Any CPU
		{1039BD20-872C-4E57-BCD9-6FB14C2A0956}.Debug|Any CPU.Build.0 = Debug|Any CPU
		{1039BD20-872C-4E57-BCD9-6FB14C2A0956}.Release|Any CPU.ActiveCfg = Release|Any CPU
		{1039BD20-872C-4E57-BCD9-6FB14C2A0956}.Release|Any CPU.Build.0 = Release|Any CPU
	EndGlobalSection
	GlobalSection(SolutionProperties) = preSolution
		HideSolutionNode = FALSE
	EndGlobalSection
	GlobalSection(ExtensibilityGlobals) = postSolution
		SolutionGuid = {18167A05-61AD-4867-A650-3D0220D2391E}
	EndGlobalSection
EndGlobal
